// !$*UTF8*$!
{
	archiveVersion = 1;
	classes = {
	};
	objectVersion = 56;
	objects = {

/* Begin PBXBuildFile section */
		0304C5152C20EDC400B76CE4 /* Aula07HackatruckApp.swift in Sources */ = {isa = PBXBuildFile; fileRef = 0304C5142C20EDC400B76CE4 /* Aula07HackatruckApp.swift */; };
		0304C5172C20EDC400B76CE4 /* ContentView.swift in Sources */ = {isa = PBXBuildFile; fileRef = 0304C5162C20EDC400B76CE4 /* ContentView.swift */; };
		0304C5192C20EDC600B76CE4 /* Assets.xcassets in Resources */ = {isa = PBXBuildFile; fileRef = 0304C5182C20EDC600B76CE4 /* Assets.xcassets */; };
		0304C51C2C20EDC600B76CE4 /* Preview Assets.xcassets in Resources */ = {isa = PBXBuildFile; fileRef = 0304C51B2C20EDC600B76CE4 /* Preview Assets.xcassets */; };
		0304C5232C20F0CE00B76CE4 /* Model.swift in Sources */ = {isa = PBXBuildFile; fileRef = 0304C5222C20F0CE00B76CE4 /* Model.swift */; };
		0304C5252C20F46500B76CE4 /* ViewModel.swift in Sources */ = {isa = PBXBuildFile; fileRef = 0304C5242C20F46500B76CE4 /* ViewModel.swift */; };
		0304C5272C20FBDE00B76CE4 /* telaInfo.swift in Sources */ = {isa = PBXBuildFile; fileRef = 0304C5262C20FBDE00B76CE4 /* telaInfo.swift */; };
		0304C5292C21078E00B76CE4 /* menuView.swift in Sources */ = {isa = PBXBuildFile; fileRef = 0304C5282C21078E00B76CE4 /* menuView.swift */; };
/* End PBXBuildFile section */

/* Begin PBXFileReference section */
		0304C5112C20EDC400B76CE4 /* Aula07Hackatruck.app */ = {isa = PBXFileReference; explicitFileType = wrapper.application; includeInIndex = 0; path = Aula07Hackatruck.app; sourceTree = BUILT_PRODUCTS_DIR; };
		0304C5142C20EDC400B76CE4 /* Aula07HackatruckApp.swift */ = {isa = PBXFileReference; lastKnownFileType = sourcecode.swift; path = Aula07HackatruckApp.swift; sourceTree = "<group>"; };
		0304C5162C20EDC400B76CE4 /* ContentView.swift */ = {isa = PBXFileReference; lastKnownFileType = sourcecode.swift; path = ContentView.swift; sourceTree = "<group>"; };
		0304C5182C20EDC600B76CE4 /* Assets.xcassets */ = {isa = PBXFileReference; lastKnownFileType = folder.assetcatalog; path = Assets.xcassets; sourceTree = "<group>"; };
		0304C51B2C20EDC600B76CE4 /* Preview Assets.xcassets */ = {isa = PBXFileReference; lastKnownFileType = folder.assetcatalog; path = "Preview Assets.xcassets"; sourceTree = "<group>"; };
		0304C5222C20F0CE00B76CE4 /* Model.swift */ = {isa = PBXFileReference; lastKnownFileType = sourcecode.swift; path = Model.swift; sourceTree = "<group>"; };
		0304C5242C20F46500B76CE4 /* ViewModel.swift */ = {isa = PBXFileReference; lastKnownFileType = sourcecode.swift; path = ViewModel.swift; sourceTree = "<group>"; };
		0304C5262C20FBDE00B76CE4 /* telaInfo.swift */ = {isa = PBXFileReference; lastKnownFileType = sourcecode.swift; path = telaInfo.swift; sourceTree = "<group>"; };
		0304C5282C21078E00B76CE4 /* menuView.swift */ = {isa = PBXFileReference; lastKnownFileType = sourcecode.swift; path = menuView.swift; sourceTree = "<group>"; };
/* End PBXFileReference section */

/* Begin PBXFrameworksBuildPhase section */
		0304C50E2C20EDC400B76CE4 /* Frameworks */ = {
			isa = PBXFrameworksBuildPhase;
			buildActionMask = 2147483647;
			files = (
			);
			runOnlyForDeploymentPostprocessing = 0;
		};
/* End PBXFrameworksBuildPhase section */

/* Begin PBXGroup section */
		0304C5082C20EDC400B76CE4 = {
			isa = PBXGroup;
			children = (
				0304C5132C20EDC400B76CE4 /* Aula07Hackatruck */,
				0304C5122C20EDC400B76CE4 /* Products */,
			);
			sourceTree = "<group>";
		};
		0304C5122C20EDC400B76CE4 /* Products */ = {
			isa = PBXGroup;
			children = (
				0304C5112C20EDC400B76CE4 /* Aula07Hackatruck.app */,
			);
			name = Products;
			sourceTree = "<group>";
		};
		0304C5132C20EDC400B76CE4 /* Aula07Hackatruck */ = {
			isa = PBXGroup;
			children = (
				0304C5142C20EDC400B76CE4 /* Aula07HackatruckApp.swift */,
				0304C5262C20FBDE00B76CE4 /* telaInfo.swift */,
				0304C5162C20EDC400B76CE4 /* ContentView.swift */,
				0304C5242C20F46500B76CE4 /* ViewModel.swift */,
				0304C5282C21078E00B76CE4 /* menuView.swift */,
				0304C5222C20F0CE00B76CE4 /* Model.swift */,
				0304C5182C20EDC600B76CE4 /* Assets.xcassets */,
				0304C51A2C20EDC600B76CE4 /* Preview Content */,
			);
			path = Aula07Hackatruck;
			sourceTree = "<group>";
		};
		0304C51A2C20EDC600B76CE4 /* Preview Content */ = {
			isa = PBXGroup;
			children = (
				0304C51B2C20EDC600B76CE4 /* Preview Assets.xcassets */,
			);
			path = "Preview Content";
			sourceTree = "<group>";
		};
/* End PBXGroup section */

/* Begin PBXNativeTarget section */
		0304C5102C20EDC400B76CE4 /* Aula07Hackatruck */ = {
			isa = PBXNativeTarget;
			buildConfigurationList = 0304C51F2C20EDC600B76CE4 /* Build configuration list for PBXNativeTarget "Aula07Hackatruck" */;
			buildPhases = (
				0304C50D2C20EDC400B76CE4 /* Sources */,
				0304C50E2C20EDC400B76CE4 /* Frameworks */,
				0304C50F2C20EDC400B76CE4 /* Resources */,
			);
			buildRules = (
			);
			dependencies = (
			);
			name = Aula07Hackatruck;
			productName = Aula07Hackatruck;
			productReference = 0304C5112C20EDC400B76CE4 /* Aula07Hackatruck.app */;
			productType = "com.apple.product-type.application";
		};
/* End PBXNativeTarget section */

/* Begin PBXProject section */
		0304C5092C20EDC400B76CE4 /* Project object */ = {
			isa = PBXProject;
			attributes = {
				BuildIndependentTargetsInParallel = 1;
				LastSwiftUpdateCheck = 1520;
				LastUpgradeCheck = 1520;
				TargetAttributes = {
					0304C5102C20EDC400B76CE4 = {
						CreatedOnToolsVersion = 15.2;
					};
				};
			};
			buildConfigurationList = 0304C50C2C20EDC400B76CE4 /* Build configuration list for PBXProject "Aula07Hackatruck" */;
			compatibilityVersion = "Xcode 14.0";
			developmentRegion = en;
			hasScannedForEncodings = 0;
			knownRegions = (
				en,
				Base,
			);
			mainGroup = 0304C5082C20EDC400B76CE4;
			productRefGroup = 0304C5122C20EDC400B76CE4 /* Products */;
			projectDirPath = "";
			projectRoot = "";
			targets = (
				0304C5102C20EDC400B76CE4 /* Aula07Hackatruck */,
			);
		};
/* End PBXProject section */

/* Begin PBXResourcesBuildPhase section */
		0304C50F2C20EDC400B76CE4 /* Resources */ = {
			isa = PBXResourcesBuildPhase;
			buildActionMask = 2147483647;
			files = (
				0304C51C2C20EDC600B76CE4 /* Preview Assets.xcassets in Resources */,
				0304C5192C20EDC600B76CE4 /* Assets.xcassets in Resources */,
			);
			runOnlyForDeploymentPostprocessing = 0;
		};
/* End PBXResourcesBuildPhase section */

/* Begin PBXSourcesBuildPhase section */
		0304C50D2C20EDC400B76CE4 /* Sources */ = {
			isa = PBXSourcesBuildPhase;
			buildActionMask = 2147483647;
			files = (
				0304C5172C20EDC400B76CE4 /* ContentView.swift in Sources */,
				0304C5152C20EDC400B76CE4 /* Aula07HackatruckApp.swift in Sources */,
				0304C5252C20F46500B76CE4 /* ViewModel.swift in Sources */,
				0304C5292C21078E00B76CE4 /* menuView.swift in Sources */,
				0304C5232C20F0CE00B76CE4 /* Model.swift in Sources */,
				0304C5272C20FBDE00B76CE4 /* telaInfo.swift in Sources */,
			);
			runOnlyForDeploymentPostprocessing = 0;
		};
/* End PBXSourcesBuildPhase section */

/* Begin XCBuildConfiguration section */
		0304C51D2C20EDC600B76CE4 /* Debug */ = {
			isa = XCBuildConfiguration;
			buildSettings = {
				ALWAYS_SEARCH_USER_PATHS = NO;
				ASSETCATALOG_COMPILER_GENERATE_SWIFT_ASSET_SYMBOL_EXTENSIONS = YES;
				CLANG_ANALYZER_NONNULL = YES;
				CLANG_ANALYZER_NUMBER_OBJECT_CONVERSION = YES_AGGRESSIVE;
				CLANG_CXX_LANGUAGE_STANDARD = "gnu++20";
				CLANG_ENABLE_MODULES = YES;
				CLANG_ENABLE_OBJC_ARC = YES;
				CLANG_ENABLE_OBJC_WEAK = YES;
				CLANG_WARN_BLOCK_CAPTURE_AUTORELEASING = YES;
				CLANG_WARN_BOOL_CONVERSION = YES;
				CLANG_WARN_COMMA = YES;
				CLANG_WARN_CONSTANT_CONVERSION = YES;
				CLANG_WARN_DEPRECATED_OBJC_IMPLEMENTATIONS = YES;
				CLANG_WARN_DIRECT_OBJC_ISA_USAGE = YES_ERROR;
				CLANG_WARN_DOCUMENTATION_COMMENTS = YES;
				CLANG_WARN_EMPTY_BODY = YES;
				CLANG_WARN_ENUM_CONVERSION = YES;
				CLANG_WARN_INFINITE_RECURSION = YES;
				CLANG_WARN_INT_CONVERSION = YES;
				CLANG_WARN_NON_LITERAL_NULL_CONVERSION = YES;
				CLANG_WARN_OBJC_IMPLICIT_RETAIN_SELF = YES;
				CLANG_WARN_OBJC_LITERAL_CONVERSION = YES;
				CLANG_WARN_OBJC_ROOT_CLASS = YES_ERROR;
				CLANG_WARN_QUOTED_INCLUDE_IN_FRAMEWORK_HEADER = YES;
				CLANG_WARN_RANGE_LOOP_ANALYSIS = YES;
				CLANG_WARN_STRICT_PROTOTYPES = YES;
				CLANG_WARN_SUSPICIOUS_MOVE = YES;
				CLANG_WARN_UNGUARDED_AVAILABILITY = YES_AGGRESSIVE;
				CLANG_WARN_UNREACHABLE_CODE = YES;
				CLANG_WARN__DUPLICATE_METHOD_MATCH = YES;
				COPY_PHASE_STRIP = NO;
				DEBUG_INFORMATION_FORMAT = dwarf;
				ENABLE_STRICT_OBJC_MSGSEND = YES;
				ENABLE_TESTABILITY = YES;
				ENABLE_USER_SCRIPT_SANDBOXING = YES;
				GCC_C_LANGUAGE_STANDARD = gnu17;
				GCC_DYNAMIC_NO_PIC = NO;
				GCC_NO_COMMON_BLOCKS = YES;
				GCC_OPTIMIZATION_LEVEL = 0;
				GCC_PREPROCESSOR_DEFINITIONS = (
					"DEBUG=1",
					"$(inherited)",
				);
				GCC_WARN_64_TO_32_BIT_CONVERSION = YES;
				GCC_WARN_ABOUT_RETURN_TYPE = YES_ERROR;
				GCC_WARN_UNDECLARED_SELECTOR = YES;
				GCC_WARN_UNINITIALIZED_AUTOS = YES_AGGRESSIVE;
				GCC_WARN_UNUSED_FUNCTION = YES;
				GCC_WARN_UNUSED_VARIABLE = YES;
				IPHONEOS_DEPLOYMENT_TARGET = 17.2;
				LOCALIZATION_PREFERS_STRING_CATALOGS = YES;
				MTL_ENABLE_DEBUG_INFO = INCLUDE_SOURCE;
				MTL_FAST_MATH = YES;
				ONLY_ACTIVE_ARCH = YES;
				SDKROOT = iphoneos;
				SWIFT_ACTIVE_COMPILATION_CONDITIONS = "DEBUG $(inherited)";
				SWIFT_OPTIMIZATION_LEVEL = "-Onone";
			};
			name = Debug;
		};
		0304C51E2C20EDC600B76CE4 /* Release */ = {
			isa = XCBuildConfiguration;
			buildSettings = {
				ALWAYS_SEARCH_USER_PATHS = NO;
				ASSETCATALOG_COMPILER_GENERATE_SWIFT_ASSET_SYMBOL_EXTENSIONS = YES;
				CLANG_ANALYZER_NONNULL = YES;
				CLANG_ANALYZER_NUMBER_OBJECT_CONVERSION = YES_AGGRESSIVE;
				CLANG_CXX_LANGUAGE_STANDARD = "gnu++20";
				CLANG_ENABLE_MODULES = YES;
				CLANG_ENABLE_OBJC_ARC = YES;
				CLANG_ENABLE_OBJC_WEAK = YES;
				CLANG_WARN_BLOCK_CAPTURE_AUTORELEASING = YES;
				CLANG_WARN_BOOL_CONVERSION = YES;
				CLANG_WARN_COMMA = YES;
				CLANG_WARN_CONSTANT_CONVERSION = YES;
				CLANG_WARN_DEPRECATED_OBJC_IMPLEMENTATIONS = YES;
				CLANG_WARN_DIRECT_OBJC_ISA_USAGE = YES_ERROR;
				CLANG_WARN_DOCUMENTATION_COMMENTS = YES;
				CLANG_WARN_EMPTY_BODY = YES;
				CLANG_WARN_ENUM_CONVERSION = YES;
				CLANG_WARN_INFINITE_RECURSION = YES;
				CLANG_WARN_INT_CONVERSION = YES;
				CLANG_WARN_NON_LITERAL_NULL_CONVERSION = YES;
				CLANG_WARN_OBJC_IMPLICIT_RETAIN_SELF = YES;
				CLANG_WARN_OBJC_LITERAL_CONVERSION = YES;
				CLANG_WARN_OBJC_ROOT_CLASS = YES_ERROR;
				CLANG_WARN_QUOTED_INCLUDE_IN_FRAMEWORK_HEADER = YES;
				CLANG_WARN_RANGE_LOOP_ANALYSIS = YES;
				CLANG_WARN_STRICT_PROTOTYPES = YES;
				CLANG_WARN_SUSPICIOUS_MOVE = YES;
				CLANG_WARN_UNGUARDED_AVAILABILITY = YES_AGGRESSIVE;
				CLANG_WARN_UNREACHABLE_CODE = YES;
				CLANG_WARN__DUPLICATE_METHOD_MATCH = YES;
				COPY_PHASE_STRIP = NO;
				DEBUG_INFORMATION_FORMAT = "dwarf-with-dsym";
				ENABLE_NS_ASSERTIONS = NO;
				ENABLE_STRICT_OBJC_MSGSEND = YES;
				ENABLE_USER_SCRIPT_SANDBOXING = YES;
				GCC_C_LANGUAGE_STANDARD = gnu17;
				GCC_NO_COMMON_BLOCKS = YES;
				GCC_WARN_64_TO_32_BIT_CONVERSION = YES;
				GCC_WARN_ABOUT_RETURN_TYPE = YES_ERROR;
				GCC_WARN_UNDECLARED_SELECTOR = YES;
				GCC_WARN_UNINITIALIZED_AUTOS = YES_AGGRESSIVE;
				GCC_WARN_UNUSED_FUNCTION = YES;
				GCC_WARN_UNUSED_VARIABLE = YES;
				IPHONEOS_DEPLOYMENT_TARGET = 17.2;
				LOCALIZATION_PREFERS_STRING_CATALOGS = YES;
				MTL_ENABLE_DEBUG_INFO = NO;
				MTL_FAST_MATH = YES;
				SDKROOT = iphoneos;
				SWIFT_COMPILATION_MODE = wholemodule;
				VALIDATE_PRODUCT = YES;
			};
			name = Release;
		};
		0304C5202C20EDC600B76CE4 /* Debug */ = {
			isa = XCBuildConfiguration;
			buildSettings = {
				ASSETCATALOG_COMPILER_APPICON_NAME = AppIcon;
				ASSETCATALOG_COMPILER_GLOBAL_ACCENT_COLOR_NAME = AccentColor;
				CODE_SIGN_STYLE = Automatic;
				CURRENT_PROJECT_VERSION = 1;
				DEVELOPMENT_ASSET_PATHS = "\"Aula07Hackatruck/Preview Content\"";
				ENABLE_PREVIEWS = YES;
				GENERATE_INFOPLIST_FILE = YES;
				INFOPLIST_KEY_UIApplicationSceneManifest_Generation = YES;
				INFOPLIST_KEY_UIApplicationSupportsIndirectInputEvents = YES;
				INFOPLIST_KEY_UILaunchScreen_Generation = YES;
				INFOPLIST_KEY_UISupportedInterfaceOrientations_iPad = "UIInterfaceOrientationPortrait UIInterfaceOrientationPortraitUpsideDown UIInterfaceOrientationLandscapeLeft UIInterfaceOrientationLandscapeRight";
				INFOPLIST_KEY_UISupportedInterfaceOrientations_iPhone = "UIInterfaceOrientationPortrait UIInterfaceOrientationLandscapeLeft UIInterfaceOrientationLandscapeRight";
				LD_RUNPATH_SEARCH_PATHS = (
					"$(inherited)",
					"@executable_path/Frameworks",
				);
				MARKETING_VERSION = 1.0;
				PRODUCT_BUNDLE_IDENTIFIER = "Aline-Manhaes.Aula07Hackatruck";
				PRODUCT_NAME = "$(TARGET_NAME)";
				SWIFT_EMIT_LOC_STRINGS = YES;
				SWIFT_VERSION = 5.0;
				TARGETED_DEVICE_FAMILY = "1,2";
			};
			name = Debug;
		};
		0304C5212C20EDC600B76CE4 /* Release */ = {
			isa = XCBuildConfiguration;
			buildSettings = {
				ASSETCATALOG_COMPILER_APPICON_NAME = AppIcon;
				ASSETCATALOG_COMPILER_GLOBAL_ACCENT_COLOR_NAME = AccentColor;
				CODE_SIGN_STYLE = Automatic;
				CURRENT_PROJECT_VERSION = 1;
				DEVELOPMENT_ASSET_PATHS = "\"Aula07Hackatruck/Preview Content\"";
				ENABLE_PREVIEWS = YES;
				GENERATE_INFOPLIST_FILE = YES;
				INFOPLIST_KEY_UIApplicationSceneManifest_Generation = YES;
				INFOPLIST_KEY_UIApplicationSupportsIndirectInputEvents = YES;
				INFOPLIST_KEY_UILaunchScreen_Generation = YES;
				INFOPLIST_KEY_UISupportedInterfaceOrientations_iPad = "UIInterfaceOrientationPortrait UIInterfaceOrientationPortraitUpsideDown UIInterfaceOrientationLandscapeLeft UIInterfaceOrientationLandscapeRight";
				INFOPLIST_KEY_UISupportedInterfaceOrientations_iPhone = "UIInterfaceOrientationPortrait UIInterfaceOrientationLandscapeLeft UIInterfaceOrientationLandscapeRight";
				LD_RUNPATH_SEARCH_PATHS = (
					"$(inherited)",
					"@executable_path/Frameworks",
				);
				MARKETING_VERSION = 1.0;
				PRODUCT_BUNDLE_IDENTIFIER = "Aline-Manhaes.Aula07Hackatruck";
				PRODUCT_NAME = "$(TARGET_NAME)";
				SWIFT_EMIT_LOC_STRINGS = YES;
				SWIFT_VERSION = 5.0;
				TARGETED_DEVICE_FAMILY = "1,2";
			};
			name = Release;
		};
/* End XCBuildConfiguration section */

/* Begin XCConfigurationList section */
		0304C50C2C20EDC400B76CE4 /* Build configuration list for PBXProject "Aula07Hackatruck" */ = {
			isa = XCConfigurationList;
			buildConfigurations = (
				0304C51D2C20EDC600B76CE4 /* Debug */,
				0304C51E2C20EDC600B76CE4 /* Release */,
			);
			defaultConfigurationIsVisible = 0;
			defaultConfigurationName = Release;
		};
		0304C51F2C20EDC600B76CE4 /* Build configuration list for PBXNativeTarget "Aula07Hackatruck" */ = {
			isa = XCConfigurationList;
			buildConfigurations = (
				0304C5202C20EDC600B76CE4 /* Debug */,
				0304C5212C20EDC600B76CE4 /* Release */,
			);
			defaultConfigurationIsVisible = 0;
			defaultConfigurationName = Release;
		};
/* End XCConfigurationList section */
	};
	rootObject = 0304C5092C20EDC400B76CE4 /* Project object */;
}
