// !$*UTF8*$!
{
	archiveVersion = 1;
	classes = {
	};
	objectVersion = 56;
	objects = {

/* Begin PBXBuildFile section */
		03EAB4FA2C1909C200742209 /* Aula04Hackatruck2App.swift in Sources */ = {isa = PBXBuildFile; fileRef = 03EAB4F92C1909C200742209 /* Aula04Hackatruck2App.swift */; };
		03EAB4FC2C1909C200742209 /* ContentView.swift in Sources */ = {isa = PBXBuildFile; fileRef = 03EAB4FB2C1909C200742209 /* ContentView.swift */; };
		03EAB4FE2C1909C400742209 /* Assets.xcassets in Resources */ = {isa = PBXBuildFile; fileRef = 03EAB4FD2C1909C400742209 /* Assets.xcassets */; };
		03EAB5012C1909C400742209 /* Preview Assets.xcassets in Resources */ = {isa = PBXBuildFile; fileRef = 03EAB5002C1909C400742209 /* Preview Assets.xcassets */; };
		03EAB5082C190EC600742209 /* modo1View.swift in Sources */ = {isa = PBXBuildFile; fileRef = 03EAB5072C190EC600742209 /* modo1View.swift */; };
		03EAB50A2C1915A600742209 /* modo2View.swift in Sources */ = {isa = PBXBuildFile; fileRef = 03EAB5092C1915A600742209 /* modo2View.swift */; };
		03EAB50C2C1917B800742209 /* volteView.swift in Sources */ = {isa = PBXBuildFile; fileRef = 03EAB50B2C1917B800742209 /* volteView.swift */; };
		03EAB50E2C191CFF00742209 /* modo3View.swift in Sources */ = {isa = PBXBuildFile; fileRef = 03EAB50D2C191CFF00742209 /* modo3View.swift */; };
/* End PBXBuildFile section */

/* Begin PBXFileReference section */
		03EAB4F62C1909C200742209 /* Aula04Hackatruck2.app */ = {isa = PBXFileReference; explicitFileType = wrapper.application; includeInIndex = 0; path = Aula04Hackatruck2.app; sourceTree = BUILT_PRODUCTS_DIR; };
		03EAB4F92C1909C200742209 /* Aula04Hackatruck2App.swift */ = {isa = PBXFileReference; lastKnownFileType = sourcecode.swift; path = Aula04Hackatruck2App.swift; sourceTree = "<group>"; };
		03EAB4FB2C1909C200742209 /* ContentView.swift */ = {isa = PBXFileReference; lastKnownFileType = sourcecode.swift; path = ContentView.swift; sourceTree = "<group>"; };
		03EAB4FD2C1909C400742209 /* Assets.xcassets */ = {isa = PBXFileReference; lastKnownFileType = folder.assetcatalog; path = Assets.xcassets; sourceTree = "<group>"; };
		03EAB5002C1909C400742209 /* Preview Assets.xcassets */ = {isa = PBXFileReference; lastKnownFileType = folder.assetcatalog; path = "Preview Assets.xcassets"; sourceTree = "<group>"; };
		03EAB5072C190EC600742209 /* modo1View.swift */ = {isa = PBXFileReference; lastKnownFileType = sourcecode.swift; path = modo1View.swift; sourceTree = "<group>"; };
		03EAB5092C1915A600742209 /* modo2View.swift */ = {isa = PBXFileReference; lastKnownFileType = sourcecode.swift; path = modo2View.swift; sourceTree = "<group>"; };
		03EAB50B2C1917B800742209 /* volteView.swift */ = {isa = PBXFileReference; lastKnownFileType = sourcecode.swift; path = volteView.swift; sourceTree = "<group>"; };
		03EAB50D2C191CFF00742209 /* modo3View.swift */ = {isa = PBXFileReference; lastKnownFileType = sourcecode.swift; path = modo3View.swift; sourceTree = "<group>"; };
/* End PBXFileReference section */

/* Begin PBXFrameworksBuildPhase section */
		03EAB4F32C1909C200742209 /* Frameworks */ = {
			isa = PBXFrameworksBuildPhase;
			buildActionMask = 2147483647;
			files = (
			);
			runOnlyForDeploymentPostprocessing = 0;
		};
/* End PBXFrameworksBuildPhase section */

/* Begin PBXGroup section */
		03EAB4ED2C1909C200742209 = {
			isa = PBXGroup;
			children = (
				03EAB4F82C1909C200742209 /* Aula04Hackatruck2 */,
				03EAB4F72C1909C200742209 /* Products */,
			);
			sourceTree = "<group>";
		};
		03EAB4F72C1909C200742209 /* Products */ = {
			isa = PBXGroup;
			children = (
				03EAB4F62C1909C200742209 /* Aula04Hackatruck2.app */,
			);
			name = Products;
			sourceTree = "<group>";
		};
		03EAB4F82C1909C200742209 /* Aula04Hackatruck2 */ = {
			isa = PBXGroup;
			children = (
				03EAB4F92C1909C200742209 /* Aula04Hackatruck2App.swift */,
				03EAB4FB2C1909C200742209 /* ContentView.swift */,
				03EAB4FD2C1909C400742209 /* Assets.xcassets */,
				03EAB5072C190EC600742209 /* modo1View.swift */,
				03EAB50D2C191CFF00742209 /* modo3View.swift */,
				03EAB50B2C1917B800742209 /* volteView.swift */,
				03EAB5092C1915A600742209 /* modo2View.swift */,
				03EAB4FF2C1909C400742209 /* Preview Content */,
			);
			path = Aula04Hackatruck2;
			sourceTree = "<group>";
		};
		03EAB4FF2C1909C400742209 /* Preview Content */ = {
			isa = PBXGroup;
			children = (
				03EAB5002C1909C400742209 /* Preview Assets.xcassets */,
			);
			path = "Preview Content";
			sourceTree = "<group>";
		};
/* End PBXGroup section */

/* Begin PBXNativeTarget section */
		03EAB4F52C1909C200742209 /* Aula04Hackatruck2 */ = {
			isa = PBXNativeTarget;
			buildConfigurationList = 03EAB5042C1909C400742209 /* Build configuration list for PBXNativeTarget "Aula04Hackatruck2" */;
			buildPhases = (
				03EAB4F22C1909C200742209 /* Sources */,
				03EAB4F32C1909C200742209 /* Frameworks */,
				03EAB4F42C1909C200742209 /* Resources */,
			);
			buildRules = (
			);
			dependencies = (
			);
			name = Aula04Hackatruck2;
			productName = Aula04Hackatruck2;
			productReference = 03EAB4F62C1909C200742209 /* Aula04Hackatruck2.app */;
			productType = "com.apple.product-type.application";
		};
/* End PBXNativeTarget section */

/* Begin PBXProject section */
		03EAB4EE2C1909C200742209 /* Project object */ = {
			isa = PBXProject;
			attributes = {
				BuildIndependentTargetsInParallel = 1;
				LastSwiftUpdateCheck = 1520;
				LastUpgradeCheck = 1520;
				TargetAttributes = {
					03EAB4F52C1909C200742209 = {
						CreatedOnToolsVersion = 15.2;
					};
				};
			};
			buildConfigurationList = 03EAB4F12C1909C200742209 /* Build configuration list for PBXProject "Aula04Hackatruck2" */;
			compatibilityVersion = "Xcode 14.0";
			developmentRegion = en;
			hasScannedForEncodings = 0;
			knownRegions = (
				en,
				Base,
			);
			mainGroup = 03EAB4ED2C1909C200742209;
			productRefGroup = 03EAB4F72C1909C200742209 /* Products */;
			projectDirPath = "";
			projectRoot = "";
			targets = (
				03EAB4F52C1909C200742209 /* Aula04Hackatruck2 */,
			);
		};
/* End PBXProject section */

/* Begin PBXResourcesBuildPhase section */
		03EAB4F42C1909C200742209 /* Resources */ = {
			isa = PBXResourcesBuildPhase;
			buildActionMask = 2147483647;
			files = (
				03EAB5012C1909C400742209 /* Preview Assets.xcassets in Resources */,
				03EAB4FE2C1909C400742209 /* Assets.xcassets in Resources */,
			);
			runOnlyForDeploymentPostprocessing = 0;
		};
/* End PBXResourcesBuildPhase section */

/* Begin PBXSourcesBuildPhase section */
		03EAB4F22C1909C200742209 /* Sources */ = {
			isa = PBXSourcesBuildPhase;
			buildActionMask = 2147483647;
			files = (
				03EAB4FC2C1909C200742209 /* ContentView.swift in Sources */,
				03EAB4FA2C1909C200742209 /* Aula04Hackatruck2App.swift in Sources */,
				03EAB50C2C1917B800742209 /* volteView.swift in Sources */,
				03EAB50A2C1915A600742209 /* modo2View.swift in Sources */,
				03EAB5082C190EC600742209 /* modo1View.swift in Sources */,
				03EAB50E2C191CFF00742209 /* modo3View.swift in Sources */,
			);
			runOnlyForDeploymentPostprocessing = 0;
		};
/* End PBXSourcesBuildPhase section */

/* Begin XCBuildConfiguration section */
		03EAB5022C1909C400742209 /* Debug */ = {
			isa = XCBuildConfiguration;
			buildSettings = {
				ALWAYS_SEARCH_USER_PATHS = NO;
				ASSETCATALOG_COMPILER_GENERATE_SWIFT_ASSET_SYMBOL_EXTENSIONS = YES;
				CLANG_ANALYZER_NONNULL = YES;
				CLANG_ANALYZER_NUMBER_OBJECT_CONVERSION = YES_AGGRESSIVE;
				CLANG_CXX_LANGUAGE_STANDARD = "gnu++20";
				CLANG_ENABLE_MODULES = YES;
				CLANG_ENABLE_OBJC_ARC = YES;
				CLANG_ENABLE_OBJC_WEAK = YES;
				CLANG_WARN_BLOCK_CAPTURE_AUTORELEASING = YES;
				CLANG_WARN_BOOL_CONVERSION = YES;
				CLANG_WARN_COMMA = YES;
				CLANG_WARN_CONSTANT_CONVERSION = YES;
				CLANG_WARN_DEPRECATED_OBJC_IMPLEMENTATIONS = YES;
				CLANG_WARN_DIRECT_OBJC_ISA_USAGE = YES_ERROR;
				CLANG_WARN_DOCUMENTATION_COMMENTS = YES;
				CLANG_WARN_EMPTY_BODY = YES;
				CLANG_WARN_ENUM_CONVERSION = YES;
				CLANG_WARN_INFINITE_RECURSION = YES;
				CLANG_WARN_INT_CONVERSION = YES;
				CLANG_WARN_NON_LITERAL_NULL_CONVERSION = YES;
				CLANG_WARN_OBJC_IMPLICIT_RETAIN_SELF = YES;
				CLANG_WARN_OBJC_LITERAL_CONVERSION = YES;
				CLANG_WARN_OBJC_ROOT_CLASS = YES_ERROR;
				CLANG_WARN_QUOTED_INCLUDE_IN_FRAMEWORK_HEADER = YES;
				CLANG_WARN_RANGE_LOOP_ANALYSIS = YES;
				CLANG_WARN_STRICT_PROTOTYPES = YES;
				CLANG_WARN_SUSPICIOUS_MOVE = YES;
				CLANG_WARN_UNGUARDED_AVAILABILITY = YES_AGGRESSIVE;
				CLANG_WARN_UNREACHABLE_CODE = YES;
				CLANG_WARN__DUPLICATE_METHOD_MATCH = YES;
				COPY_PHASE_STRIP = NO;
				DEBUG_INFORMATION_FORMAT = dwarf;
				ENABLE_STRICT_OBJC_MSGSEND = YES;
				ENABLE_TESTABILITY = YES;
				ENABLE_USER_SCRIPT_SANDBOXING = YES;
				GCC_C_LANGUAGE_STANDARD = gnu17;
				GCC_DYNAMIC_NO_PIC = NO;
				GCC_NO_COMMON_BLOCKS = YES;
				GCC_OPTIMIZATION_LEVEL = 0;
				GCC_PREPROCESSOR_DEFINITIONS = (
					"DEBUG=1",
					"$(inherited)",
				);
				GCC_WARN_64_TO_32_BIT_CONVERSION = YES;
				GCC_WARN_ABOUT_RETURN_TYPE = YES_ERROR;
				GCC_WARN_UNDECLARED_SELECTOR = YES;
				GCC_WARN_UNINITIALIZED_AUTOS = YES_AGGRESSIVE;
				GCC_WARN_UNUSED_FUNCTION = YES;
				GCC_WARN_UNUSED_VARIABLE = YES;
				IPHONEOS_DEPLOYMENT_TARGET = 17.2;
				LOCALIZATION_PREFERS_STRING_CATALOGS = YES;
				MTL_ENABLE_DEBUG_INFO = INCLUDE_SOURCE;
				MTL_FAST_MATH = YES;
				ONLY_ACTIVE_ARCH = YES;
				SDKROOT = iphoneos;
				SWIFT_ACTIVE_COMPILATION_CONDITIONS = "DEBUG $(inherited)";
				SWIFT_OPTIMIZATION_LEVEL = "-Onone";
			};
			name = Debug;
		};
		03EAB5032C1909C400742209 /* Release */ = {
			isa = XCBuildConfiguration;
			buildSettings = {
				ALWAYS_SEARCH_USER_PATHS = NO;
				ASSETCATALOG_COMPILER_GENERATE_SWIFT_ASSET_SYMBOL_EXTENSIONS = YES;
				CLANG_ANALYZER_NONNULL = YES;
				CLANG_ANALYZER_NUMBER_OBJECT_CONVERSION = YES_AGGRESSIVE;
				CLANG_CXX_LANGUAGE_STANDARD = "gnu++20";
				CLANG_ENABLE_MODULES = YES;
				CLANG_ENABLE_OBJC_ARC = YES;
				CLANG_ENABLE_OBJC_WEAK = YES;
				CLANG_WARN_BLOCK_CAPTURE_AUTORELEASING = YES;
				CLANG_WARN_BOOL_CONVERSION = YES;
				CLANG_WARN_COMMA = YES;
				CLANG_WARN_CONSTANT_CONVERSION = YES;
				CLANG_WARN_DEPRECATED_OBJC_IMPLEMENTATIONS = YES;
				CLANG_WARN_DIRECT_OBJC_ISA_USAGE = YES_ERROR;
				CLANG_WARN_DOCUMENTATION_COMMENTS = YES;
				CLANG_WARN_EMPTY_BODY = YES;
				CLANG_WARN_ENUM_CONVERSION = YES;
				CLANG_WARN_INFINITE_RECURSION = YES;
				CLANG_WARN_INT_CONVERSION = YES;
				CLANG_WARN_NON_LITERAL_NULL_CONVERSION = YES;
				CLANG_WARN_OBJC_IMPLICIT_RETAIN_SELF = YES;
				CLANG_WARN_OBJC_LITERAL_CONVERSION = YES;
				CLANG_WARN_OBJC_ROOT_CLASS = YES_ERROR;
				CLANG_WARN_QUOTED_INCLUDE_IN_FRAMEWORK_HEADER = YES;
				CLANG_WARN_RANGE_LOOP_ANALYSIS = YES;
				CLANG_WARN_STRICT_PROTOTYPES = YES;
				CLANG_WARN_SUSPICIOUS_MOVE = YES;
				CLANG_WARN_UNGUARDED_AVAILABILITY = YES_AGGRESSIVE;
				CLANG_WARN_UNREACHABLE_CODE = YES;
				CLANG_WARN__DUPLICATE_METHOD_MATCH = YES;
				COPY_PHASE_STRIP = NO;
				DEBUG_INFORMATION_FORMAT = "dwarf-with-dsym";
				ENABLE_NS_ASSERTIONS = NO;
				ENABLE_STRICT_OBJC_MSGSEND = YES;
				ENABLE_USER_SCRIPT_SANDBOXING = YES;
				GCC_C_LANGUAGE_STANDARD = gnu17;
				GCC_NO_COMMON_BLOCKS = YES;
				GCC_WARN_64_TO_32_BIT_CONVERSION = YES;
				GCC_WARN_ABOUT_RETURN_TYPE = YES_ERROR;
				GCC_WARN_UNDECLARED_SELECTOR = YES;
				GCC_WARN_UNINITIALIZED_AUTOS = YES_AGGRESSIVE;
				GCC_WARN_UNUSED_FUNCTION = YES;
				GCC_WARN_UNUSED_VARIABLE = YES;
				IPHONEOS_DEPLOYMENT_TARGET = 17.2;
				LOCALIZATION_PREFERS_STRING_CATALOGS = YES;
				MTL_ENABLE_DEBUG_INFO = NO;
				MTL_FAST_MATH = YES;
				SDKROOT = iphoneos;
				SWIFT_COMPILATION_MODE = wholemodule;
				VALIDATE_PRODUCT = YES;
			};
			name = Release;
		};
		03EAB5052C1909C400742209 /* Debug */ = {
			isa = XCBuildConfiguration;
			buildSettings = {
				ASSETCATALOG_COMPILER_APPICON_NAME = AppIcon;
				ASSETCATALOG_COMPILER_GLOBAL_ACCENT_COLOR_NAME = AccentColor;
				CODE_SIGN_STYLE = Automatic;
				CURRENT_PROJECT_VERSION = 1;
				DEVELOPMENT_ASSET_PATHS = "\"Aula04Hackatruck2/Preview Content\"";
				ENABLE_PREVIEWS = YES;
				GENERATE_INFOPLIST_FILE = YES;
				INFOPLIST_KEY_UIApplicationSceneManifest_Generation = YES;
				INFOPLIST_KEY_UIApplicationSupportsIndirectInputEvents = YES;
				INFOPLIST_KEY_UILaunchScreen_Generation = YES;
				INFOPLIST_KEY_UISupportedInterfaceOrientations_iPad = "UIInterfaceOrientationPortrait UIInterfaceOrientationPortraitUpsideDown UIInterfaceOrientationLandscapeLeft UIInterfaceOrientationLandscapeRight";
				INFOPLIST_KEY_UISupportedInterfaceOrientations_iPhone = "UIInterfaceOrientationPortrait UIInterfaceOrientationLandscapeLeft UIInterfaceOrientationLandscapeRight";
				LD_RUNPATH_SEARCH_PATHS = (
					"$(inherited)",
					"@executable_path/Frameworks",
				);
				MARKETING_VERSION = 1.0;
				PRODUCT_BUNDLE_IDENTIFIER = "Aline-Manhaes.Aula04Hackatruck2";
				PRODUCT_NAME = "$(TARGET_NAME)";
				SWIFT_EMIT_LOC_STRINGS = YES;
				SWIFT_VERSION = 5.0;
				TARGETED_DEVICE_FAMILY = "1,2";
			};
			name = Debug;
		};
		03EAB5062C1909C400742209 /* Release */ = {
			isa = XCBuildConfiguration;
			buildSettings = {
				ASSETCATALOG_COMPILER_APPICON_NAME = AppIcon;
				ASSETCATALOG_COMPILER_GLOBAL_ACCENT_COLOR_NAME = AccentColor;
				CODE_SIGN_STYLE = Automatic;
				CURRENT_PROJECT_VERSION = 1;
				DEVELOPMENT_ASSET_PATHS = "\"Aula04Hackatruck2/Preview Content\"";
				ENABLE_PREVIEWS = YES;
				GENERATE_INFOPLIST_FILE = YES;
				INFOPLIST_KEY_UIApplicationSceneManifest_Generation = YES;
				INFOPLIST_KEY_UIApplicationSupportsIndirectInputEvents = YES;
				INFOPLIST_KEY_UILaunchScreen_Generation = YES;
				INFOPLIST_KEY_UISupportedInterfaceOrientations_iPad = "UIInterfaceOrientationPortrait UIInterfaceOrientationPortraitUpsideDown UIInterfaceOrientationLandscapeLeft UIInterfaceOrientationLandscapeRight";
				INFOPLIST_KEY_UISupportedInterfaceOrientations_iPhone = "UIInterfaceOrientationPortrait UIInterfaceOrientationLandscapeLeft UIInterfaceOrientationLandscapeRight";
				LD_RUNPATH_SEARCH_PATHS = (
					"$(inherited)",
					"@executable_path/Frameworks",
				);
				MARKETING_VERSION = 1.0;
				PRODUCT_BUNDLE_IDENTIFIER = "Aline-Manhaes.Aula04Hackatruck2";
				PRODUCT_NAME = "$(TARGET_NAME)";
				SWIFT_EMIT_LOC_STRINGS = YES;
				SWIFT_VERSION = 5.0;
				TARGETED_DEVICE_FAMILY = "1,2";
			};
			name = Release;
		};
/* End XCBuildConfiguration section */

/* Begin XCConfigurationList section */
		03EAB4F12C1909C200742209 /* Build configuration list for PBXProject "Aula04Hackatruck2" */ = {
			isa = XCConfigurationList;
			buildConfigurations = (
				03EAB5022C1909C400742209 /* Debug */,
				03EAB5032C1909C400742209 /* Release */,
			);
			defaultConfigurationIsVisible = 0;
			defaultConfigurationName = Release;
		};
		03EAB5042C1909C400742209 /* Build configuration list for PBXNativeTarget "Aula04Hackatruck2" */ = {
			isa = XCConfigurationList;
			buildConfigurations = (
				03EAB5052C1909C400742209 /* Debug */,
				03EAB5062C1909C400742209 /* Release */,
			);
			defaultConfigurationIsVisible = 0;
			defaultConfigurationName = Release;
		};
/* End XCConfigurationList section */
	};
	rootObject = 03EAB4EE2C1909C200742209 /* Project object */;
}
